
Microsoft Visual Studio Solution File, Format Version 10.00
# Visual Studio 2008
Project("{8BC9CEB8-8B4A-11D0-8D11-00A0C91BC942}") = "Verify32", "Verify32\Verify32.vcproj", "{76738106-0153-4BED-B446-3CDFAFD2751A}"
EndProject
Global
	GlobalSection(SolutionConfigurationPlatforms) = preSolution
		Debug|Win32 = Debug|Win32
		Release|Win32 = Release|Win32
	EndGlobalSection
	GlobalSection(ProjectConfigurationPlatforms) = postSolution
		{76738106-0153-4BED-B446-3CDFAFD2751A}.Debug|Win32.ActiveCfg = Debug|Win32
		{76738106-0153-4BED-B446-3CDFAFD2751A}.Debug|Win32.Build.0 = Debug|Win32
		{76738106-0153-4BED-B446-3CDFAFD2751A}.Release|Win32.ActiveCfg = Release|Win32
		{76738106-0153-4BED-B446-3CDFAFD2751A}.Release|Win32.Build.0 = Release|Win32
	EndGlobalSection
	GlobalSection(SolutionProperties) = preSolution
		HideSolutionNode = FALSE
	EndGlobalSection
EndGlobal
